
Microsoft Visual Studio Solution File, Format Version 12.00
# Visual Studio Version 16
VisualStudioVersion = 16.0.30523.141
MinimumVisualStudioVersion = 10.0.40219.1
Project("{FAE04EC0-301F-11D3-BF4B-00C04F79EFBC}") = "Tutorials.JsonInteraction", "Tutorials.JsonInteraction\Tutorials.JsonInteraction.csproj", "{C2CDB3D7-11E4-4E77-A49E-B36F5FBD7BCD}"
EndProject
Global
	GlobalSection(SolutionConfigurationPlatforms) = preSolution
		Debug|Any CPU = Debug|Any CPU
		Release|Any CPU = Release|Any CPU
	EndGlobalSection
	GlobalSection(ProjectConfigurationPlatforms) = postSolution
		{C2CDB3D7-11E4-4E77-A49E-B36F5FBD7BCD}.Debug|Any CPU.ActiveCfg = Debug|Any CPU
		{C2CDB3D7-11E4-4E77-A49E-B36F5FBD7BCD}.Debug|Any CPU.Build.0 = Debug|Any CPU
		{C2CDB3D7-11E4-4E77-A49E-B36F5FBD7BCD}.Release|Any CPU.ActiveCfg = Release|Any CPU
		{C2CDB3D7-11E4-4E77-A49E-B36F5FBD7BCD}.Release|Any CPU.Build.0 = Release|Any CPU
	EndGlobalSection
	GlobalSection(SolutionProperties) = preSolution
		HideSolutionNode = FALSE
	EndGlobalSection
	GlobalSection(ExtensibilityGlobals) = postSolution
		SolutionGuid = {C341A989-A13A-4BE3-B275-2722350ACAB1}
	EndGlobalSection
EndGlobal
